
Microsoft Visual Studio Solution File, Format Version 12.00
# Visual Studio Version 16
VisualStudioVersion = 16.0.32126.315
MinimumVisualStudioVersion = 10.0.40219.1
Project("{FAE04EC0-301F-11D3-BF4B-00C04F79EFBC}") = "WebCarApi1", "WebCarApi1.csproj", "{F1AE0C61-506C-4BCA-ADB7-6A4713F388F6}"
EndProject
Global
	GlobalSection(SolutionConfigurationPlatforms) = preSolution
		Debug|Any CPU = Debug|Any CPU
		Release|Any CPU = Release|Any CPU
	EndGlobalSection
	GlobalSection(ProjectConfigurationPlatforms) = postSolution
		{F1AE0C61-506C-4BCA-ADB7-6A4713F388F6}.Debug|Any CPU.ActiveCfg = Debug|Any CPU
		{F1AE0C61-506C-4BCA-ADB7-6A4713F388F6}.Debug|Any CPU.Build.0 = Debug|Any CPU
		{F1AE0C61-506C-4BCA-ADB7-6A4713F388F6}.Release|Any CPU.ActiveCfg = Release|Any CPU
		{F1AE0C61-506C-4BCA-ADB7-6A4713F388F6}.Release|Any CPU.Build.0 = Release|Any CPU
	EndGlobalSection
	GlobalSection(SolutionProperties) = preSolution
		HideSolutionNode = FALSE
	EndGlobalSection
	GlobalSection(ExtensibilityGlobals) = postSolution
		SolutionGuid = {7C193DAA-8CD9-4E66-BE15-C9FEA99DD34C}
	EndGlobalSection
EndGlobal
